<?xml version="1.0" encoding="utf-8"?>
<Project ToolsVersion="4.0" xmlns="http://schemas.microsoft.com/developer/msbuild/2003">
  <ItemGroup>
    <Filter Include="Исходные файлы">
      <UniqueIdentifier>{4FC737F1-C7A5-4376-A066-2A32D752A2FF}</UniqueIdentifier>
      <Extensions>cpp;c;cc;cxx;def;odl;idl;hpj;bat;asm;asmx</Extensions>
    </Filter>
    <Filter Include="Файлы заголовков">
      <UniqueIdentifier>{93995380-89BD-4b04-88EB-625FBE52EBFB}</UniqueIdentifier>
      <Extensions>h;hh;hpp;hxx;hm;inl;inc;ipp;xsd</Extensions>
    </Filter>
    <Filter Include="Файлы ресурсов">
      <UniqueIdentifier>{67DA6AB6-F800-4c08-8B7A-83BB121AAD01}</UniqueIdentifier>
      <Extensions>rc;ico;cur;bmp;dlg;rc2;rct;bin;rgs;gif;jpg;jpeg;jpe;resx;tiff;tif;png;wav;mfcribbon-ms</Extensions>
    </Filter>
    <Filter Include="Исходные файлы\Base">
      <UniqueIdentifier>{984c6f89-51d6-4995-a0a9-697ea190da25}</UniqueIdentifier>
    </Filter>
    <Filter Include="Исходные файлы\Logics">
      <UniqueIdentifier>{daf9259d-84c8-4500-bb72-1f6bd5506a1c}</UniqueIdentifier>
    </Filter>
    <Filter Include="Исходные файлы\GameStates">
      <UniqueIdentifier>{159b9356-e82e-4e0a-9ed7-05da131aa64a}</UniqueIdentifier>
    </Filter>
  </ItemGroup>
  <ItemGroup>
    <ClCompile Include="main.cpp">
      <Filter>Исходные файлы</Filter>
    </ClCompile>
  </ItemGroup>
  <ItemGroup>
    <ClInclude Include="Constants.h">
      <Filter>Исходные файлы\Base</Filter>
    </ClInclude>
    <ClInclude Include="GameState.h">
      <Filter>Исходные файлы\Base</Filter>
    </ClInclude>
    <ClInclude Include="Enums.h">
      <Filter>Исходные файлы\Base</Filter>
    </ClInclude>
    <ClInclude Include="MenuGameState.h">
      <Filter>Исходные файлы\GameStates</Filter>
    </ClInclude>
  </ItemGroup>
</Project>